
Microsoft Visual Studio Solution File, Format Version 10.00
# Visual Studio 2008
Project("{8BC9CEB8-8B4A-11D0-8D11-00A0C91BC942}") = "ex05_07", "ex05_07\ex05_07.vcproj", "{8F2E572C-2625-4F37-8DB8-43237AFAA270}"
EndProject
Project("{8BC9CEB8-8B4A-11D0-8D11-00A0C91BC942}") = "ex05_01", "ex05_01\ex05_01.vcproj", "{E6667D49-45A0-4A0F-9012-831A2E1CDE00}"
EndProject
Project("{8BC9CEB8-8B4A-11D0-8D11-00A0C91BC942}") = "ex05_02", "ex05_02\ex05_02.vcproj", "{3AA278E0-FB8E-4CD6-B1A1-6CE213BF827A}"
EndProject
Project("{8BC9CEB8-8B4A-11D0-8D11-00A0C91BC942}") = "ex05_03", "ex05_03\ex05_03.vcproj", "{95C4DA88-3081-4F2E-BC56-A159A9ADA287}"
EndProject
Project("{8BC9CEB8-8B4A-11D0-8D11-00A0C91BC942}") = "ex05_04", "ex05_04\ex05_04.vcproj", "{27026DCD-B7E8-4A50-8F27-BD42073186DF}"
EndProject
Global
	GlobalSection(SolutionConfigurationPlatforms) = preSolution
		Debug|Win32 = Debug|Win32
		Release|Win32 = Release|Win32
	EndGlobalSection
	GlobalSection(ProjectConfigurationPlatforms) = postSolution
		{8F2E572C-2625-4F37-8DB8-43237AFAA270}.Debug|Win32.ActiveCfg = Debug|Win32
		{8F2E572C-2625-4F37-8DB8-43237AFAA270}.Debug|Win32.Build.0 = Debug|Win32
		{8F2E572C-2625-4F37-8DB8-43237AFAA270}.Release|Win32.ActiveCfg = Release|Win32
		{8F2E572C-2625-4F37-8DB8-43237AFAA270}.Release|Win32.Build.0 = Release|Win32
		{E6667D49-45A0-4A0F-9012-831A2E1CDE00}.Debug|Win32.ActiveCfg = Debug|Win32
		{E6667D49-45A0-4A0F-9012-831A2E1CDE00}.Debug|Win32.Build.0 = Debug|Win32
		{E6667D49-45A0-4A0F-9012-831A2E1CDE00}.Release|Win32.ActiveCfg = Release|Win32
		{E6667D49-45A0-4A0F-9012-831A2E1CDE00}.Release|Win32.Build.0 = Release|Win32
		{3AA278E0-FB8E-4CD6-B1A1-6CE213BF827A}.Debug|Win32.ActiveCfg = Debug|Win32
		{3AA278E0-FB8E-4CD6-B1A1-6CE213BF827A}.Debug|Win32.Build.0 = Debug|Win32
		{3AA278E0-FB8E-4CD6-B1A1-6CE213BF827A}.Release|Win32.ActiveCfg = Release|Win32
		{3AA278E0-FB8E-4CD6-B1A1-6CE213BF827A}.Release|Win32.Build.0 = Release|Win32
		{95C4DA88-3081-4F2E-BC56-A159A9ADA287}.Debug|Win32.ActiveCfg = Debug|Win32
		{95C4DA88-3081-4F2E-BC56-A159A9ADA287}.Debug|Win32.Build.0 = Debug|Win32
		{95C4DA88-3081-4F2E-BC56-A159A9ADA287}.Release|Win32.ActiveCfg = Release|Win32
		{95C4DA88-3081-4F2E-BC56-A159A9ADA287}.Release|Win32.Build.0 = Release|Win32
		{27026DCD-B7E8-4A50-8F27-BD42073186DF}.Debug|Win32.ActiveCfg = Debug|Win32
		{27026DCD-B7E8-4A50-8F27-BD42073186DF}.Debug|Win32.Build.0 = Debug|Win32
		{27026DCD-B7E8-4A50-8F27-BD42073186DF}.Release|Win32.ActiveCfg = Release|Win32
		{27026DCD-B7E8-4A50-8F27-BD42073186DF}.Release|Win32.Build.0 = Release|Win32
	EndGlobalSection
	GlobalSection(SolutionProperties) = preSolution
		HideSolutionNode = FALSE
	EndGlobalSection
EndGlobal
